
Microsoft Visual Studio Solution File, Format Version 12.00
# Visual Studio 2012
Project("{8BC9CEB8-8B4A-11D0-8D11-00A0C91BC942}") = "SocialNetwork", "SocialNetwork\SocialNetwork.vcxproj", "{ABE23FF9-1D8E-482E-BFAF-7A632D72366B}"
EndProject
Global
	GlobalSection(SolutionConfigurationPlatforms) = preSolution
		Debug|Win32 = Debug|Win32
		Release|Win32 = Release|Win32
	EndGlobalSection
	GlobalSection(ProjectConfigurationPlatforms) = postSolution
		{ABE23FF9-1D8E-482E-BFAF-7A632D72366B}.Debug|Win32.ActiveCfg = Debug|Win32
		{ABE23FF9-1D8E-482E-BFAF-7A632D72366B}.Debug|Win32.Build.0 = Debug|Win32
		{ABE23FF9-1D8E-482E-BFAF-7A632D72366B}.Release|Win32.ActiveCfg = Release|Win32
		{ABE23FF9-1D8E-482E-BFAF-7A632D72366B}.Release|Win32.Build.0 = Release|Win32
	EndGlobalSection
	GlobalSection(SolutionProperties) = preSolution
		HideSolutionNode = FALSE
	EndGlobalSection
EndGlobal
