
Microsoft Visual Studio Solution File, Format Version 12.00
# Visual Studio 2012
Project("{8BC9CEB8-8B4A-11D0-8D11-00A0C91BC942}") = "BucketSort", "BucketSort\BucketSort.vcxproj", "{291342B8-FD9D-4084-952B-5BDAD2B0E369}"
EndProject
Global
	GlobalSection(SolutionConfigurationPlatforms) = preSolution
		Debug|Win32 = Debug|Win32
		Release|Win32 = Release|Win32
	EndGlobalSection
	GlobalSection(ProjectConfigurationPlatforms) = postSolution
		{291342B8-FD9D-4084-952B-5BDAD2B0E369}.Debug|Win32.ActiveCfg = Debug|Win32
		{291342B8-FD9D-4084-952B-5BDAD2B0E369}.Debug|Win32.Build.0 = Debug|Win32
		{291342B8-FD9D-4084-952B-5BDAD2B0E369}.Release|Win32.ActiveCfg = Release|Win32
		{291342B8-FD9D-4084-952B-5BDAD2B0E369}.Release|Win32.Build.0 = Release|Win32
	EndGlobalSection
	GlobalSection(SolutionProperties) = preSolution
		HideSolutionNode = FALSE
	EndGlobalSection
EndGlobal
